
Microsoft Visual Studio Solution File, Format Version 12.00
# Visual Studio Version 17
VisualStudioVersion = 17.14.36414.22
MinimumVisualStudioVersion = 10.0.40219.1
Project("{FAE04EC0-301F-11D3-BF4B-00C04F79EFBC}") = "N5.API", "N5.API\N5.API.csproj", "{DCEF56B2-AB99-4269-BB4F-78098093524C}"
EndProject
Project("{FAE04EC0-301F-11D3-BF4B-00C04F79EFBC}") = "N5.Infrastructure", "N5.Infrastructure\N5.Infrastructure.csproj", "{0854EE85-2360-4FD0-B7D7-7135113C7D1E}"
EndProject
Project("{FAE04EC0-301F-11D3-BF4B-00C04F79EFBC}") = "N5.Domain", "N5.Domain\N5.Domain.csproj", "{DE33F0F0-5BEA-4388-B5A1-56D5A7187B6C}"
EndProject
Project("{FAE04EC0-301F-11D3-BF4B-00C04F79EFBC}") = "N5.Application", "N5.Application\N5.Application.csproj", "{15096B58-264B-478E-9E5C-B68549697023}"
EndProject
Project("{FAE04EC0-301F-11D3-BF4B-00C04F79EFBC}") = "N5.UnitTest", "N5.UnitTest\N5.UnitTest.csproj", "{5B1A6B97-14DC-4817-86FF-5C90E269BE0A}"
EndProject
Project("{FAE04EC0-301F-11D3-BF4B-00C04F79EFBC}") = "N5.IntegrationTests", "N5.IntegrationTests\N5.IntegrationTests.csproj", "{2EC6AA82-5B28-4D5C-8607-18B441EE856E}"
EndProject
Global
	GlobalSection(SolutionConfigurationPlatforms) = preSolution
		Debug|Any CPU = Debug|Any CPU
		Release|Any CPU = Release|Any CPU
	EndGlobalSection
	GlobalSection(ProjectConfigurationPlatforms) = postSolution
		{DCEF56B2-AB99-4269-BB4F-78098093524C}.Debug|Any CPU.ActiveCfg = Debug|Any CPU
		{DCEF56B2-AB99-4269-BB4F-78098093524C}.Debug|Any CPU.Build.0 = Debug|Any CPU
		{DCEF56B2-AB99-4269-BB4F-78098093524C}.Release|Any CPU.ActiveCfg = Release|Any CPU
		{DCEF56B2-AB99-4269-BB4F-78098093524C}.Release|Any CPU.Build.0 = Release|Any CPU
		{0854EE85-2360-4FD0-B7D7-7135113C7D1E}.Debug|Any CPU.ActiveCfg = Debug|Any CPU
		{0854EE85-2360-4FD0-B7D7-7135113C7D1E}.Debug|Any CPU.Build.0 = Debug|Any CPU
		{0854EE85-2360-4FD0-B7D7-7135113C7D1E}.Release|Any CPU.ActiveCfg = Release|Any CPU
		{0854EE85-2360-4FD0-B7D7-7135113C7D1E}.Release|Any CPU.Build.0 = Release|Any CPU
		{DE33F0F0-5BEA-4388-B5A1-56D5A7187B6C}.Debug|Any CPU.ActiveCfg = Debug|Any CPU
		{DE33F0F0-5BEA-4388-B5A1-56D5A7187B6C}.Debug|Any CPU.Build.0 = Debug|Any CPU
		{DE33F0F0-5BEA-4388-B5A1-56D5A7187B6C}.Release|Any CPU.ActiveCfg = Release|Any CPU
		{DE33F0F0-5BEA-4388-B5A1-56D5A7187B6C}.Release|Any CPU.Build.0 = Release|Any CPU
		{15096B58-264B-478E-9E5C-B68549697023}.Debug|Any CPU.ActiveCfg = Debug|Any CPU
		{15096B58-264B-478E-9E5C-B68549697023}.Debug|Any CPU.Build.0 = Debug|Any CPU
		{15096B58-264B-478E-9E5C-B68549697023}.Release|Any CPU.ActiveCfg = Release|Any CPU
		{15096B58-264B-478E-9E5C-B68549697023}.Release|Any CPU.Build.0 = Release|Any CPU
		{5B1A6B97-14DC-4817-86FF-5C90E269BE0A}.Debug|Any CPU.ActiveCfg = Debug|Any CPU
		{5B1A6B97-14DC-4817-86FF-5C90E269BE0A}.Debug|Any CPU.Build.0 = Debug|Any CPU
		{5B1A6B97-14DC-4817-86FF-5C90E269BE0A}.Release|Any CPU.ActiveCfg = Release|Any CPU
		{5B1A6B97-14DC-4817-86FF-5C90E269BE0A}.Release|Any CPU.Build.0 = Release|Any CPU
		{2EC6AA82-5B28-4D5C-8607-18B441EE856E}.Debug|Any CPU.ActiveCfg = Debug|Any CPU
		{2EC6AA82-5B28-4D5C-8607-18B441EE856E}.Debug|Any CPU.Build.0 = Debug|Any CPU
		{2EC6AA82-5B28-4D5C-8607-18B441EE856E}.Release|Any CPU.ActiveCfg = Release|Any CPU
		{2EC6AA82-5B28-4D5C-8607-18B441EE856E}.Release|Any CPU.Build.0 = Release|Any CPU
	EndGlobalSection
	GlobalSection(SolutionProperties) = preSolution
		HideSolutionNode = FALSE
	EndGlobalSection
	GlobalSection(ExtensibilityGlobals) = postSolution
		SolutionGuid = {606BCD64-3B19-4455-80AB-D06ED32AC046}
	EndGlobalSection
EndGlobal
